
Microsoft Visual Studio Solution File, Format Version 12.00
# Visual Studio Version 17
VisualStudioVersion = 17.7.34221.43
MinimumVisualStudioVersion = 10.0.40219.1
Project("{FAE04EC0-301F-11D3-BF4B-00C04F79EFBC}") = "WebApplication2", "WebApplication2\WebApplication2.csproj", "{026A45F7-183A-435E-A3AD-A0C02E0DFBDE}"
EndProject
Global
	GlobalSection(SolutionConfigurationPlatforms) = preSolution
		Debug|Any CPU = Debug|Any CPU
		Release|Any CPU = Release|Any CPU
	EndGlobalSection
	GlobalSection(ProjectConfigurationPlatforms) = postSolution
		{026A45F7-183A-435E-A3AD-A0C02E0DFBDE}.Debug|Any CPU.ActiveCfg = Debug|Any CPU
		{026A45F7-183A-435E-A3AD-A0C02E0DFBDE}.Debug|Any CPU.Build.0 = Debug|Any CPU
		{026A45F7-183A-435E-A3AD-A0C02E0DFBDE}.Release|Any CPU.ActiveCfg = Release|Any CPU
		{026A45F7-183A-435E-A3AD-A0C02E0DFBDE}.Release|Any CPU.Build.0 = Release|Any CPU
	EndGlobalSection
	GlobalSection(SolutionProperties) = preSolution
		HideSolutionNode = FALSE
	EndGlobalSection
	GlobalSection(ExtensibilityGlobals) = postSolution
		SolutionGuid = {A04C67B3-F76F-414C-8930-8A5764E8C12D}
	EndGlobalSection
EndGlobal
